
Microsoft Visual Studio Solution File, Format Version 12.00
# Visual Studio Version 17
VisualStudioVersion = 17.9.34723.18
MinimumVisualStudioVersion = 10.0.40219.1
Project("{FAE04EC0-301F-11D3-BF4B-00C04F79EFBC}") = "Лаба1", "Лаба1\Лаба1.csproj", "{301E9C49-B2ED-47C5-B2B6-D6C4A5432BFA}"
EndProject
Global
	GlobalSection(SolutionConfigurationPlatforms) = preSolution
		Debug|Any CPU = Debug|Any CPU
		Release|Any CPU = Release|Any CPU
	EndGlobalSection
	GlobalSection(ProjectConfigurationPlatforms) = postSolution
		{301E9C49-B2ED-47C5-B2B6-D6C4A5432BFA}.Debug|Any CPU.ActiveCfg = Debug|Any CPU
		{301E9C49-B2ED-47C5-B2B6-D6C4A5432BFA}.Debug|Any CPU.Build.0 = Debug|Any CPU
		{301E9C49-B2ED-47C5-B2B6-D6C4A5432BFA}.Release|Any CPU.ActiveCfg = Release|Any CPU
		{301E9C49-B2ED-47C5-B2B6-D6C4A5432BFA}.Release|Any CPU.Build.0 = Release|Any CPU
	EndGlobalSection
	GlobalSection(SolutionProperties) = preSolution
		HideSolutionNode = FALSE
	EndGlobalSection
	GlobalSection(ExtensibilityGlobals) = postSolution
		SolutionGuid = {27C28295-F8A2-465E-B624-8B4F58BE0536}
	EndGlobalSection
EndGlobal
